
Microsoft Visual Studio Solution File, Format Version 12.00
# Visual Studio Version 16
VisualStudioVersion = 16.0.31321.278
MinimumVisualStudioVersion = 10.0.40219.1
Project("{FAE04EC0-301F-11D3-BF4B-00C04F79EFBC}") = "EFCoreCodeFirstSample", "EFCoreCodeFirstSample\EFCoreCodeFirstSample.csproj", "{47DCEE4B-D09A-493B-A01A-D84F04E9E9FA}"
EndProject
Global
	GlobalSection(SolutionConfigurationPlatforms) = preSolution
		Debug|Any CPU = Debug|Any CPU
		Release|Any CPU = Release|Any CPU
	EndGlobalSection
	GlobalSection(ProjectConfigurationPlatforms) = postSolution
		{47DCEE4B-D09A-493B-A01A-D84F04E9E9FA}.Debug|Any CPU.ActiveCfg = Debug|Any CPU
		{47DCEE4B-D09A-493B-A01A-D84F04E9E9FA}.Debug|Any CPU.Build.0 = Debug|Any CPU
		{47DCEE4B-D09A-493B-A01A-D84F04E9E9FA}.Release|Any CPU.ActiveCfg = Release|Any CPU
		{47DCEE4B-D09A-493B-A01A-D84F04E9E9FA}.Release|Any CPU.Build.0 = Release|Any CPU
	EndGlobalSection
	GlobalSection(SolutionProperties) = preSolution
		HideSolutionNode = FALSE
	EndGlobalSection
	GlobalSection(ExtensibilityGlobals) = postSolution
		SolutionGuid = {33663D8A-9A45-4F5C-92FA-7D30F958414C}
	EndGlobalSection
EndGlobal
